
Microsoft Visual Studio Solution File, Format Version 12.00
# Visual Studio Version 16
VisualStudioVersion = 16.0.31624.102
MinimumVisualStudioVersion = 10.0.40219.1
Project("{FAE04EC0-301F-11D3-BF4B-00C04F79EFBC}") = "Store_administrator", "Store_administrator\Store_administrator.csproj", "{A222F411-387A-4F65-887D-AE852C33C75C}"
EndProject
Global
	GlobalSection(SolutionConfigurationPlatforms) = preSolution
		Debug|Any CPU = Debug|Any CPU
		Release|Any CPU = Release|Any CPU
	EndGlobalSection
	GlobalSection(ProjectConfigurationPlatforms) = postSolution
		{A222F411-387A-4F65-887D-AE852C33C75C}.Debug|Any CPU.ActiveCfg = Debug|Any CPU
		{A222F411-387A-4F65-887D-AE852C33C75C}.Debug|Any CPU.Build.0 = Debug|Any CPU
		{A222F411-387A-4F65-887D-AE852C33C75C}.Release|Any CPU.ActiveCfg = Release|Any CPU
		{A222F411-387A-4F65-887D-AE852C33C75C}.Release|Any CPU.Build.0 = Release|Any CPU
	EndGlobalSection
	GlobalSection(SolutionProperties) = preSolution
		HideSolutionNode = FALSE
	EndGlobalSection
	GlobalSection(ExtensibilityGlobals) = postSolution
		SolutionGuid = {AA14264F-9B0F-43D7-895D-E350D0A9346C}
	EndGlobalSection
EndGlobal
